
Microsoft Visual Studio Solution File, Format Version 12.00
# Visual Studio Version 17
VisualStudioVersion = 17.4.33213.308
MinimumVisualStudioVersion = 10.0.40219.1
Project("{9A19103F-16F7-4668-BE54-9A1E7A4F7556}") = "TokenBasedAuthApi", "TokenBasedAuthApi\TokenBasedAuthApi.csproj", "{AC6DFF2C-C746-4874-9227-A695B6E80C41}"
EndProject
Global
	GlobalSection(SolutionConfigurationPlatforms) = preSolution
		Debug|Any CPU = Debug|Any CPU
		Release|Any CPU = Release|Any CPU
	EndGlobalSection
	GlobalSection(ProjectConfigurationPlatforms) = postSolution
		{AC6DFF2C-C746-4874-9227-A695B6E80C41}.Debug|Any CPU.ActiveCfg = Debug|Any CPU
		{AC6DFF2C-C746-4874-9227-A695B6E80C41}.Debug|Any CPU.Build.0 = Debug|Any CPU
		{AC6DFF2C-C746-4874-9227-A695B6E80C41}.Release|Any CPU.ActiveCfg = Release|Any CPU
		{AC6DFF2C-C746-4874-9227-A695B6E80C41}.Release|Any CPU.Build.0 = Release|Any CPU
	EndGlobalSection
	GlobalSection(SolutionProperties) = preSolution
		HideSolutionNode = FALSE
	EndGlobalSection
	GlobalSection(ExtensibilityGlobals) = postSolution
		SolutionGuid = {1A8627F1-3CB6-4482-84E7-14B4A2A252FE}
	EndGlobalSection
EndGlobal
